
Microsoft Visual Studio Solution File, Format Version 12.00
# Visual Studio 15
Project("{FAE04EC0-301F-11D3-BF4B-00C04F79EFBC}") = "System.Xaml.Tests", "System.Xaml.Tests.csproj", "{6D641009-8817-4881-9D4D-70D612B2DAA8}"
EndProject
Project("{FAE04EC0-301F-11D3-BF4B-00C04F79EFBC}") = "System.Xaml", "..\..\src\System.Xaml\System.Xaml.csproj", "{9AC36357-34B7-40A1-95CA-FE9F46D089A7}"
EndProject
Global
	GlobalSection(SolutionConfigurationPlatforms) = preSolution
		Debug|Any CPU = Debug|Any CPU
		Release|Any CPU = Release|Any CPU
	EndGlobalSection
	GlobalSection(ProjectConfigurationPlatforms) = postSolution
		{6D641009-8817-4881-9D4D-70D612B2DAA8}.Debug|Any CPU.ActiveCfg = Debug|Any CPU
		{6D641009-8817-4881-9D4D-70D612B2DAA8}.Debug|Any CPU.Build.0 = Debug|Any CPU
		{6D641009-8817-4881-9D4D-70D612B2DAA8}.Release|Any CPU.ActiveCfg = Release|Any CPU
		{6D641009-8817-4881-9D4D-70D612B2DAA8}.Release|Any CPU.Build.0 = Release|Any CPU
		{9AC36357-34B7-40A1-95CA-FE9F46D089A7}.Debug|Any CPU.ActiveCfg = Debug|Any CPU
		{9AC36357-34B7-40A1-95CA-FE9F46D089A7}.Debug|Any CPU.Build.0 = Debug|Any CPU
		{9AC36357-34B7-40A1-95CA-FE9F46D089A7}.Release|Any CPU.ActiveCfg = Release|Any CPU
		{9AC36357-34B7-40A1-95CA-FE9F46D089A7}.Release|Any CPU.Build.0 = Release|Any CPU
	EndGlobalSection
EndGlobal
